
Microsoft Visual Studio Solution File, Format Version 12.00
# Visual Studio Version 17
VisualStudioVersion = 17.14.36414.22
MinimumVisualStudioVersion = 10.0.40219.1
Project("{FAE04EC0-301F-11D3-BF4B-00C04F79EFBC}") = "laba1", "laba1\laba1.csproj", "{E46EFB9E-7892-498F-9B45-64D4F7794849}"
EndProject
Project("{FAE04EC0-301F-11D3-BF4B-00C04F79EFBC}") = "WpfApp1", "WpfApp1\WpfApp1.csproj", "{18807B01-FC8D-4D30-8FE5-054A18D285FF}"
EndProject
Global
	GlobalSection(SolutionConfigurationPlatforms) = preSolution
		Debug|Any CPU = Debug|Any CPU
		Release|Any CPU = Release|Any CPU
	EndGlobalSection
	GlobalSection(ProjectConfigurationPlatforms) = postSolution
		{E46EFB9E-7892-498F-9B45-64D4F7794849}.Debug|Any CPU.ActiveCfg = Debug|Any CPU
		{E46EFB9E-7892-498F-9B45-64D4F7794849}.Debug|Any CPU.Build.0 = Debug|Any CPU
		{E46EFB9E-7892-498F-9B45-64D4F7794849}.Release|Any CPU.ActiveCfg = Release|Any CPU
		{E46EFB9E-7892-498F-9B45-64D4F7794849}.Release|Any CPU.Build.0 = Release|Any CPU
		{18807B01-FC8D-4D30-8FE5-054A18D285FF}.Debug|Any CPU.ActiveCfg = Debug|Any CPU
		{18807B01-FC8D-4D30-8FE5-054A18D285FF}.Debug|Any CPU.Build.0 = Debug|Any CPU
		{18807B01-FC8D-4D30-8FE5-054A18D285FF}.Release|Any CPU.ActiveCfg = Release|Any CPU
		{18807B01-FC8D-4D30-8FE5-054A18D285FF}.Release|Any CPU.Build.0 = Release|Any CPU
	EndGlobalSection
	GlobalSection(SolutionProperties) = preSolution
		HideSolutionNode = FALSE
	EndGlobalSection
	GlobalSection(ExtensibilityGlobals) = postSolution
		SolutionGuid = {FEFD01F6-D66C-43E0-897F-9079971B4992}
	EndGlobalSection
EndGlobal
